<Solution>
  <Folder Name="/Infrastructure/">
    <Project Path="Common.Logging/Common.Logging.csproj" Id="500df36e-3f50-4145-bd98-f49acbf41f5e" />
    <Project Path="EventBus.Message/EventBus.Message.csproj" Id="4389318c-53b0-47bc-baf4-2a0a1bde00ab" />
  </Folder>
  <Project Path="E:/EDU/Project/eShop/eShop/Basket.API/Basket.API.csproj" Id="cc4fb73e-aa82-4cfe-9137-d6220360f1b7" />
  <Project Path="E:/EDU/Project/eShop/eShop/Catalog.API/Catalog.API.csproj" Id="1af89789-35e0-4280-9482-ac6ac2aafdc3" />
  <Project Path="E:/EDU/Project/eShop/eShop/Discount.API/Discount.API.csproj" Id="ba6d7518-0502-4130-ba9c-303d7b2e06d1" />
  <Project Path="E:/EDU/Project/eShop/eShop/Ordering.API/Ordering.API.csproj" Id="5bfd866e-c93c-449a-afe0-2d4b2c47a990" />
  <Project Path="Gateway.API/Gateway.API.csproj" Id="ee650827-afdb-49e4-b279-71af86a0fb31" />
  <Project Path="Identity.API/Identity.API.csproj" Id="56da5430-cea2-4fb3-b99e-6b9f4bc5a355" />
  <Project Path="Payment.API/Payment.API.csproj" Id="34cf233f-ba0d-44cf-87ae-453591be3b8e" />
</Solution>
